// !$*UTF8*$!
{
	archiveVersion = 1;
	classes = {
	};
	objectVersion = 55;
	objects = {

/* Begin PBXBuildFile section */
		6822C23C289F7BE90061544A /* WalletApp.swift in Sources */ = {isa = PBXBuildFile; fileRef = 6822C23B289F7BE90061544A /* WalletApp.swift */; };
		6822C23E289F7BE90061544A /* ContentView.swift in Sources */ = {isa = PBXBuildFile; fileRef = 6822C23D289F7BE90061544A /* ContentView.swift */; };
		6822C240289F7BEA0061544A /* Assets.xcassets in Resources */ = {isa = PBXBuildFile; fileRef = 6822C23F289F7BEA0061544A /* Assets.xcassets */; };
		6822C243289F7BEA0061544A /* Preview Assets.xcassets in Resources */ = {isa = PBXBuildFile; fileRef = 6822C242289F7BEA0061544A /* Preview Assets.xcassets */; };
		6822C251289F7D3F0061544A /* DashboardView.swift in Sources */ = {isa = PBXBuildFile; fileRef = 6822C250289F7D3F0061544A /* DashboardView.swift */; };
		6822C256289F7D890061544A /* TotalView.swift in Sources */ = {isa = PBXBuildFile; fileRef = 6822C255289F7D890061544A /* TotalView.swift */; };
		6822C25D289F81260061544A /* BarView.swift in Sources */ = {isa = PBXBuildFile; fileRef = 6822C25C289F81260061544A /* BarView.swift */; };
		6822C25F289F81330061544A /* BarChartsView.swift in Sources */ = {isa = PBXBuildFile; fileRef = 6822C25E289F81330061544A /* BarChartsView.swift */; };
		6822C261289F88F40061544A /* ActivityView.swift in Sources */ = {isa = PBXBuildFile; fileRef = 6822C260289F88F40061544A /* ActivityView.swift */; };
		6822C263289F8C300061544A /* DashboardListView.swift in Sources */ = {isa = PBXBuildFile; fileRef = 6822C262289F8C300061544A /* DashboardListView.swift */; };
		6822C26628A020690061544A /* ExpensesModel.swift in Sources */ = {isa = PBXBuildFile; fileRef = 6822C26528A020690061544A /* ExpensesModel.swift */; };
		688D754228A026FD0065DE4A /* SettingsView.swift in Sources */ = {isa = PBXBuildFile; fileRef = 688D754128A026FD0065DE4A /* SettingsView.swift */; };
		688D754628A02AB30065DE4A /* ExpensesView.swift in Sources */ = {isa = PBXBuildFile; fileRef = 688D754528A02AB30065DE4A /* ExpensesView.swift */; };
		688D754828A02D640065DE4A /* ExpensesListView.swift in Sources */ = {isa = PBXBuildFile; fileRef = 688D754728A02D640065DE4A /* ExpensesListView.swift */; };
		688D754A28A02F660065DE4A /* ButtonCategoryView.swift in Sources */ = {isa = PBXBuildFile; fileRef = 688D754928A02F660065DE4A /* ButtonCategoryView.swift */; };
		6890C34928A382590020D354 /* SettingsLabelView.swift in Sources */ = {isa = PBXBuildFile; fileRef = 6890C34828A382590020D354 /* SettingsLabelView.swift */; };
		6890C34B28A384AC0020D354 /* SettingsRowView.swift in Sources */ = {isa = PBXBuildFile; fileRef = 6890C34A28A384AC0020D354 /* SettingsRowView.swift */; };
		6890C35328A43EC90020D354 /* CategoryPickerView.swift in Sources */ = {isa = PBXBuildFile; fileRef = 6890C35228A43EC90020D354 /* CategoryPickerView.swift */; };
		6890C35528A43EF00020D354 /* CategoryModel.swift in Sources */ = {isa = PBXBuildFile; fileRef = 6890C35428A43EF00020D354 /* CategoryModel.swift */; };
		68BC152628A0E238006944BB /* AddExpenseView.swift in Sources */ = {isa = PBXBuildFile; fileRef = 68BC152528A0E238006944BB /* AddExpenseView.swift */; };
		68F8907C28B6B22C00C6AE82 /* GoogleService-Info.plist in Resources */ = {isa = PBXBuildFile; fileRef = 68F8907B28B6B22C00C6AE82 /* GoogleService-Info.plist */; };
		68F8907F28B6B2A800C6AE82 /* FirebaseAuth in Frameworks */ = {isa = PBXBuildFile; productRef = 68F8907E28B6B2A800C6AE82 /* FirebaseAuth */; };
		68F8908128B6B2A800C6AE82 /* FirebaseFirestore in Frameworks */ = {isa = PBXBuildFile; productRef = 68F8908028B6B2A800C6AE82 /* FirebaseFirestore */; };
		68F8908328B6B2A800C6AE82 /* FirebaseFirestoreSwift in Frameworks */ = {isa = PBXBuildFile; productRef = 68F8908228B6B2A800C6AE82 /* FirebaseFirestoreSwift */; };
/* End PBXBuildFile section */

/* Begin PBXFileReference section */
		6822C238289F7BE90061544A /* Wallet.app */ = {isa = PBXFileReference; explicitFileType = wrapper.application; includeInIndex = 0; path = Wallet.app; sourceTree = BUILT_PRODUCTS_DIR; };
		6822C23B289F7BE90061544A /* WalletApp.swift */ = {isa = PBXFileReference; lastKnownFileType = sourcecode.swift; path = WalletApp.swift; sourceTree = "<group>"; };
		6822C23D289F7BE90061544A /* ContentView.swift */ = {isa = PBXFileReference; lastKnownFileType = sourcecode.swift; path = ContentView.swift; sourceTree = "<group>"; };
		6822C23F289F7BEA0061544A /* Assets.xcassets */ = {isa = PBXFileReference; lastKnownFileType = folder.assetcatalog; path = Assets.xcassets; sourceTree = "<group>"; };
		6822C242289F7BEA0061544A /* Preview Assets.xcassets */ = {isa = PBXFileReference; lastKnownFileType = folder.assetcatalog; path = "Preview Assets.xcassets"; sourceTree = "<group>"; };
		6822C250289F7D3F0061544A /* DashboardView.swift */ = {isa = PBXFileReference; lastKnownFileType = sourcecode.swift; path = DashboardView.swift; sourceTree = "<group>"; };
		6822C255289F7D890061544A /* TotalView.swift */ = {isa = PBXFileReference; lastKnownFileType = sourcecode.swift; path = TotalView.swift; sourceTree = "<group>"; };
		6822C25C289F81260061544A /* BarView.swift */ = {isa = PBXFileReference; lastKnownFileType = sourcecode.swift; path = BarView.swift; sourceTree = "<group>"; };
		6822C25E289F81330061544A /* BarChartsView.swift */ = {isa = PBXFileReference; lastKnownFileType = sourcecode.swift; path = BarChartsView.swift; sourceTree = "<group>"; };
		6822C260289F88F40061544A /* ActivityView.swift */ = {isa = PBXFileReference; lastKnownFileType = sourcecode.swift; path = ActivityView.swift; sourceTree = "<group>"; };
		6822C262289F8C300061544A /* DashboardListView.swift */ = {isa = PBXFileReference; lastKnownFileType = sourcecode.swift; path = DashboardListView.swift; sourceTree = "<group>"; };
		6822C26528A020690061544A /* ExpensesModel.swift */ = {isa = PBXFileReference; lastKnownFileType = sourcecode.swift; path = ExpensesModel.swift; sourceTree = "<group>"; };
		688D754128A026FD0065DE4A /* SettingsView.swift */ = {isa = PBXFileReference; lastKnownFileType = sourcecode.swift; path = SettingsView.swift; sourceTree = "<group>"; };
		688D754528A02AB30065DE4A /* ExpensesView.swift */ = {isa = PBXFileReference; lastKnownFileType = sourcecode.swift; path = ExpensesView.swift; sourceTree = "<group>"; };
		688D754728A02D640065DE4A /* ExpensesListView.swift */ = {isa = PBXFileReference; lastKnownFileType = sourcecode.swift; path = ExpensesListView.swift; sourceTree = "<group>"; };
		688D754928A02F660065DE4A /* ButtonCategoryView.swift */ = {isa = PBXFileReference; lastKnownFileType = sourcecode.swift; path = ButtonCategoryView.swift; sourceTree = "<group>"; };
		6890C34828A382590020D354 /* SettingsLabelView.swift */ = {isa = PBXFileReference; lastKnownFileType = sourcecode.swift; path = SettingsLabelView.swift; sourceTree = "<group>"; };
		6890C34A28A384AC0020D354 /* SettingsRowView.swift */ = {isa = PBXFileReference; lastKnownFileType = sourcecode.swift; path = SettingsRowView.swift; sourceTree = "<group>"; };
		6890C35228A43EC90020D354 /* CategoryPickerView.swift */ = {isa = PBXFileReference; lastKnownFileType = sourcecode.swift; path = CategoryPickerView.swift; sourceTree = "<group>"; };
		6890C35428A43EF00020D354 /* CategoryModel.swift */ = {isa = PBXFileReference; lastKnownFileType = sourcecode.swift; path = CategoryModel.swift; sourceTree = "<group>"; };
		68BC152528A0E238006944BB /* AddExpenseView.swift */ = {isa = PBXFileReference; lastKnownFileType = sourcecode.swift; path = AddExpenseView.swift; sourceTree = "<group>"; };
		68F8907B28B6B22C00C6AE82 /* GoogleService-Info.plist */ = {isa = PBXFileReference; fileEncoding = 4; lastKnownFileType = text.plist.xml; path = "GoogleService-Info.plist"; sourceTree = "<group>"; };
/* End PBXFileReference section */

/* Begin PBXFrameworksBuildPhase section */
		6822C235289F7BE90061544A /* Frameworks */ = {
			isa = PBXFrameworksBuildPhase;
			buildActionMask = 2147483647;
			files = (
				68F8907F28B6B2A800C6AE82 /* FirebaseAuth in Frameworks */,
				68F8908128B6B2A800C6AE82 /* FirebaseFirestore in Frameworks */,
				68F8908328B6B2A800C6AE82 /* FirebaseFirestoreSwift in Frameworks */,
			);
			runOnlyForDeploymentPostprocessing = 0;
		};
/* End PBXFrameworksBuildPhase section */

/* Begin PBXGroup section */
		6822C22F289F7BE90061544A = {
			isa = PBXGroup;
			children = (
				6822C23A289F7BE90061544A /* Wallet */,
				6822C239289F7BE90061544A /* Products */,
			);
			sourceTree = "<group>";
		};
		6822C239289F7BE90061544A /* Products */ = {
			isa = PBXGroup;
			children = (
				6822C238289F7BE90061544A /* Wallet.app */,
			);
			name = Products;
			sourceTree = "<group>";
		};
		6822C23A289F7BE90061544A /* Wallet */ = {
			isa = PBXGroup;
			children = (
				6890C34428A380440020D354 /* Data */,
				6822C264289F8DD30061544A /* Model */,
				6822C252289F7D460061544A /* Apps */,
				6822C249289F7C380061544A /* Views */,
				68F8907B28B6B22C00C6AE82 /* GoogleService-Info.plist */,
				6822C23F289F7BEA0061544A /* Assets.xcassets */,
				6822C241289F7BEA0061544A /* Preview Content */,
			);
			path = Wallet;
			sourceTree = "<group>";
		};
		6822C241289F7BEA0061544A /* Preview Content */ = {
			isa = PBXGroup;
			children = (
				6822C242289F7BEA0061544A /* Preview Assets.xcassets */,
			);
			path = "Preview Content";
			sourceTree = "<group>";
		};
		6822C249289F7C380061544A /* Views */ = {
			isa = PBXGroup;
			children = (
				68D4CC6428A550BE00A1F84E /* Dashboard */,
				6890C34328A306D40020D354 /* CommonViews */,
				6890C35128A43E940020D354 /* Add */,
				6890C34728A382320020D354 /* Settings */,
				6822C259289F810B0061544A /* Chart */,
			);
			path = Views;
			sourceTree = "<group>";
		};
		6822C252289F7D460061544A /* Apps */ = {
			isa = PBXGroup;
			children = (
				6822C23B289F7BE90061544A /* WalletApp.swift */,
				6822C23D289F7BE90061544A /* ContentView.swift */,
				6822C250289F7D3F0061544A /* DashboardView.swift */,
				688D754528A02AB30065DE4A /* ExpensesView.swift */,
				688D754128A026FD0065DE4A /* SettingsView.swift */,
			);
			path = Apps;
			sourceTree = "<group>";
		};
		6822C259289F810B0061544A /* Chart */ = {
			isa = PBXGroup;
			children = (
				6822C25C289F81260061544A /* BarView.swift */,
				6822C25E289F81330061544A /* BarChartsView.swift */,
				6822C260289F88F40061544A /* ActivityView.swift */,
			);
			path = Chart;
			sourceTree = "<group>";
		};
		6822C264289F8DD30061544A /* Model */ = {
			isa = PBXGroup;
			children = (
				6822C26528A020690061544A /* ExpensesModel.swift */,
				6890C35428A43EF00020D354 /* CategoryModel.swift */,
			);
			path = Model;
			sourceTree = "<group>";
		};
		6890C34328A306D40020D354 /* CommonViews */ = {
			isa = PBXGroup;
			children = (
				688D754928A02F660065DE4A /* ButtonCategoryView.swift */,
			);
			path = CommonViews;
			sourceTree = "<group>";
		};
		6890C34428A380440020D354 /* Data */ = {
			isa = PBXGroup;
			children = (
			);
			path = Data;
			sourceTree = "<group>";
		};
		6890C34728A382320020D354 /* Settings */ = {
			isa = PBXGroup;
			children = (
				6890C34828A382590020D354 /* SettingsLabelView.swift */,
				6890C34A28A384AC0020D354 /* SettingsRowView.swift */,
			);
			path = Settings;
			sourceTree = "<group>";
		};
		6890C35128A43E940020D354 /* Add */ = {
			isa = PBXGroup;
			children = (
				68BC152528A0E238006944BB /* AddExpenseView.swift */,
				6890C35228A43EC90020D354 /* CategoryPickerView.swift */,
			);
			path = Add;
			sourceTree = "<group>";
		};
		68D4CC6428A550BE00A1F84E /* Dashboard */ = {
			isa = PBXGroup;
			children = (
				688D754728A02D640065DE4A /* ExpensesListView.swift */,
				6822C255289F7D890061544A /* TotalView.swift */,
				6822C262289F8C300061544A /* DashboardListView.swift */,
			);
			path = Dashboard;
			sourceTree = "<group>";
		};
/* End PBXGroup section */

/* Begin PBXNativeTarget section */
		6822C237289F7BE90061544A /* Wallet */ = {
			isa = PBXNativeTarget;
			buildConfigurationList = 6822C246289F7BEA0061544A /* Build configuration list for PBXNativeTarget "Wallet" */;
			buildPhases = (
				6822C234289F7BE90061544A /* Sources */,
				6822C235289F7BE90061544A /* Frameworks */,
				6822C236289F7BE90061544A /* Resources */,
			);
			buildRules = (
			);
			dependencies = (
			);
			name = Wallet;
			packageProductDependencies = (
				68F8907E28B6B2A800C6AE82 /* FirebaseAuth */,
				68F8908028B6B2A800C6AE82 /* FirebaseFirestore */,
				68F8908228B6B2A800C6AE82 /* FirebaseFirestoreSwift */,
			);
			productName = Wallet;
			productReference = 6822C238289F7BE90061544A /* Wallet.app */;
			productType = "com.apple.product-type.application";
		};
/* End PBXNativeTarget section */

/* Begin PBXProject section */
		6822C230289F7BE90061544A /* Project object */ = {
			isa = PBXProject;
			attributes = {
				BuildIndependentTargetsInParallel = 1;
				LastSwiftUpdateCheck = 1340;
				LastUpgradeCheck = 1340;
				TargetAttributes = {
					6822C237289F7BE90061544A = {
						CreatedOnToolsVersion = 13.4.1;
					};
				};
			};
			buildConfigurationList = 6822C233289F7BE90061544A /* Build configuration list for PBXProject "Wallet" */;
			compatibilityVersion = "Xcode 13.0";
			developmentRegion = en;
			hasScannedForEncodings = 0;
			knownRegions = (
				en,
				Base,
			);
			mainGroup = 6822C22F289F7BE90061544A;
			packageReferences = (
				68F8907D28B6B2A800C6AE82 /* XCRemoteSwiftPackageReference "firebase-ios-sdk" */,
			);
			productRefGroup = 6822C239289F7BE90061544A /* Products */;
			projectDirPath = "";
			projectRoot = "";
			targets = (
				6822C237289F7BE90061544A /* Wallet */,
			);
		};
/* End PBXProject section */

/* Begin PBXResourcesBuildPhase section */
		6822C236289F7BE90061544A /* Resources */ = {
			isa = PBXResourcesBuildPhase;
			buildActionMask = 2147483647;
			files = (
				6822C243289F7BEA0061544A /* Preview Assets.xcassets in Resources */,
				6822C240289F7BEA0061544A /* Assets.xcassets in Resources */,
				68F8907C28B6B22C00C6AE82 /* GoogleService-Info.plist in Resources */,
			);
			runOnlyForDeploymentPostprocessing = 0;
		};
/* End PBXResourcesBuildPhase section */

/* Begin PBXSourcesBuildPhase section */
		6822C234289F7BE90061544A /* Sources */ = {
			isa = PBXSourcesBuildPhase;
			buildActionMask = 2147483647;
			files = (
				6822C25D289F81260061544A /* BarView.swift in Sources */,
				6822C251289F7D3F0061544A /* DashboardView.swift in Sources */,
				6822C25F289F81330061544A /* BarChartsView.swift in Sources */,
				6822C23E289F7BE90061544A /* ContentView.swift in Sources */,
				6890C35328A43EC90020D354 /* CategoryPickerView.swift in Sources */,
				688D754A28A02F660065DE4A /* ButtonCategoryView.swift in Sources */,
				6822C261289F88F40061544A /* ActivityView.swift in Sources */,
				6822C256289F7D890061544A /* TotalView.swift in Sources */,
				6822C23C289F7BE90061544A /* WalletApp.swift in Sources */,
				688D754828A02D640065DE4A /* ExpensesListView.swift in Sources */,
				688D754628A02AB30065DE4A /* ExpensesView.swift in Sources */,
				6822C26628A020690061544A /* ExpensesModel.swift in Sources */,
				6890C34B28A384AC0020D354 /* SettingsRowView.swift in Sources */,
				68BC152628A0E238006944BB /* AddExpenseView.swift in Sources */,
				6822C263289F8C300061544A /* DashboardListView.swift in Sources */,
				6890C35528A43EF00020D354 /* CategoryModel.swift in Sources */,
				6890C34928A382590020D354 /* SettingsLabelView.swift in Sources */,
				688D754228A026FD0065DE4A /* SettingsView.swift in Sources */,
			);
			runOnlyForDeploymentPostprocessing = 0;
		};
/* End PBXSourcesBuildPhase section */

/* Begin XCBuildConfiguration section */
		6822C244289F7BEA0061544A /* Debug */ = {
			isa = XCBuildConfiguration;
			buildSettings = {
				ALWAYS_SEARCH_USER_PATHS = NO;
				CLANG_ANALYZER_NONNULL = YES;
				CLANG_ANALYZER_NUMBER_OBJECT_CONVERSION = YES_AGGRESSIVE;
				CLANG_CXX_LANGUAGE_STANDARD = "gnu++17";
				CLANG_ENABLE_MODULES = YES;
				CLANG_ENABLE_OBJC_ARC = YES;
				CLANG_ENABLE_OBJC_WEAK = YES;
				CLANG_WARN_BLOCK_CAPTURE_AUTORELEASING = YES;
				CLANG_WARN_BOOL_CONVERSION = YES;
				CLANG_WARN_COMMA = YES;
				CLANG_WARN_CONSTANT_CONVERSION = YES;
				CLANG_WARN_DEPRECATED_OBJC_IMPLEMENTATIONS = YES;
				CLANG_WARN_DIRECT_OBJC_ISA_USAGE = YES_ERROR;
				CLANG_WARN_DOCUMENTATION_COMMENTS = YES;
				CLANG_WARN_EMPTY_BODY = YES;
				CLANG_WARN_ENUM_CONVERSION = YES;
				CLANG_WARN_INFINITE_RECURSION = YES;
				CLANG_WARN_INT_CONVERSION = YES;
				CLANG_WARN_NON_LITERAL_NULL_CONVERSION = YES;
				CLANG_WARN_OBJC_IMPLICIT_RETAIN_SELF = YES;
				CLANG_WARN_OBJC_LITERAL_CONVERSION = YES;
				CLANG_WARN_OBJC_ROOT_CLASS = YES_ERROR;
				CLANG_WARN_QUOTED_INCLUDE_IN_FRAMEWORK_HEADER = YES;
				CLANG_WARN_RANGE_LOOP_ANALYSIS = YES;
				CLANG_WARN_STRICT_PROTOTYPES = YES;
				CLANG_WARN_SUSPICIOUS_MOVE = YES;
				CLANG_WARN_UNGUARDED_AVAILABILITY = YES_AGGRESSIVE;
				CLANG_WARN_UNREACHABLE_CODE = YES;
				CLANG_WARN__DUPLICATE_METHOD_MATCH = YES;
				COPY_PHASE_STRIP = NO;
				DEBUG_INFORMATION_FORMAT = dwarf;
				ENABLE_STRICT_OBJC_MSGSEND = YES;
				ENABLE_TESTABILITY = YES;
				GCC_C_LANGUAGE_STANDARD = gnu11;
				GCC_DYNAMIC_NO_PIC = NO;
				GCC_NO_COMMON_BLOCKS = YES;
				GCC_OPTIMIZATION_LEVEL = 0;
				GCC_PREPROCESSOR_DEFINITIONS = (
					"DEBUG=1",
					"$(inherited)",
				);
				GCC_WARN_64_TO_32_BIT_CONVERSION = YES;
				GCC_WARN_ABOUT_RETURN_TYPE = YES_ERROR;
				GCC_WARN_UNDECLARED_SELECTOR = YES;
				GCC_WARN_UNINITIALIZED_AUTOS = YES_AGGRESSIVE;
				GCC_WARN_UNUSED_FUNCTION = YES;
				GCC_WARN_UNUSED_VARIABLE = YES;
				IPHONEOS_DEPLOYMENT_TARGET = 15.5;
				MTL_ENABLE_DEBUG_INFO = INCLUDE_SOURCE;
				MTL_FAST_MATH = YES;
				ONLY_ACTIVE_ARCH = YES;
				SDKROOT = iphoneos;
				SWIFT_ACTIVE_COMPILATION_CONDITIONS = DEBUG;
				SWIFT_OPTIMIZATION_LEVEL = "-Onone";
			};
			name = Debug;
		};
		6822C245289F7BEA0061544A /* Release */ = {
			isa = XCBuildConfiguration;
			buildSettings = {
				ALWAYS_SEARCH_USER_PATHS = NO;
				CLANG_ANALYZER_NONNULL = YES;
				CLANG_ANALYZER_NUMBER_OBJECT_CONVERSION = YES_AGGRESSIVE;
				CLANG_CXX_LANGUAGE_STANDARD = "gnu++17";
				CLANG_ENABLE_MODULES = YES;
				CLANG_ENABLE_OBJC_ARC = YES;
				CLANG_ENABLE_OBJC_WEAK = YES;
				CLANG_WARN_BLOCK_CAPTURE_AUTORELEASING = YES;
				CLANG_WARN_BOOL_CONVERSION = YES;
				CLANG_WARN_COMMA = YES;
				CLANG_WARN_CONSTANT_CONVERSION = YES;
				CLANG_WARN_DEPRECATED_OBJC_IMPLEMENTATIONS = YES;
				CLANG_WARN_DIRECT_OBJC_ISA_USAGE = YES_ERROR;
				CLANG_WARN_DOCUMENTATION_COMMENTS = YES;
				CLANG_WARN_EMPTY_BODY = YES;
				CLANG_WARN_ENUM_CONVERSION = YES;
				CLANG_WARN_INFINITE_RECURSION = YES;
				CLANG_WARN_INT_CONVERSION = YES;
				CLANG_WARN_NON_LITERAL_NULL_CONVERSION = YES;
				CLANG_WARN_OBJC_IMPLICIT_RETAIN_SELF = YES;
				CLANG_WARN_OBJC_LITERAL_CONVERSION = YES;
				CLANG_WARN_OBJC_ROOT_CLASS = YES_ERROR;
				CLANG_WARN_QUOTED_INCLUDE_IN_FRAMEWORK_HEADER = YES;
				CLANG_WARN_RANGE_LOOP_ANALYSIS = YES;
				CLANG_WARN_STRICT_PROTOTYPES = YES;
				CLANG_WARN_SUSPICIOUS_MOVE = YES;
				CLANG_WARN_UNGUARDED_AVAILABILITY = YES_AGGRESSIVE;
				CLANG_WARN_UNREACHABLE_CODE = YES;
				CLANG_WARN__DUPLICATE_METHOD_MATCH = YES;
				COPY_PHASE_STRIP = NO;
				DEBUG_INFORMATION_FORMAT = "dwarf-with-dsym";
				ENABLE_NS_ASSERTIONS = NO;
				ENABLE_STRICT_OBJC_MSGSEND = YES;
				GCC_C_LANGUAGE_STANDARD = gnu11;
				GCC_NO_COMMON_BLOCKS = YES;
				GCC_WARN_64_TO_32_BIT_CONVERSION = YES;
				GCC_WARN_ABOUT_RETURN_TYPE = YES_ERROR;
				GCC_WARN_UNDECLARED_SELECTOR = YES;
				GCC_WARN_UNINITIALIZED_AUTOS = YES_AGGRESSIVE;
				GCC_WARN_UNUSED_FUNCTION = YES;
				GCC_WARN_UNUSED_VARIABLE = YES;
				IPHONEOS_DEPLOYMENT_TARGET = 15.5;
				MTL_ENABLE_DEBUG_INFO = NO;
				MTL_FAST_MATH = YES;
				SDKROOT = iphoneos;
				SWIFT_COMPILATION_MODE = wholemodule;
				SWIFT_OPTIMIZATION_LEVEL = "-O";
				VALIDATE_PRODUCT = YES;
			};
			name = Release;
		};
		6822C247289F7BEA0061544A /* Debug */ = {
			isa = XCBuildConfiguration;
			buildSettings = {
				ASSETCATALOG_COMPILER_APPICON_NAME = AppIcon;
				ASSETCATALOG_COMPILER_GLOBAL_ACCENT_COLOR_NAME = AccentColor;
				CODE_SIGN_STYLE = Automatic;
				CURRENT_PROJECT_VERSION = 1;
				DEVELOPMENT_ASSET_PATHS = "\"Wallet/Preview Content\"";
				DEVELOPMENT_TEAM = M7H74U7AXB;
				ENABLE_PREVIEWS = YES;
				GENERATE_INFOPLIST_FILE = YES;
				INFOPLIST_KEY_UIApplicationSceneManifest_Generation = YES;
				INFOPLIST_KEY_UIApplicationSupportsIndirectInputEvents = YES;
				INFOPLIST_KEY_UILaunchScreen_Generation = YES;
				INFOPLIST_KEY_UISupportedInterfaceOrientations_iPad = "UIInterfaceOrientationPortrait UIInterfaceOrientationPortraitUpsideDown UIInterfaceOrientationLandscapeLeft UIInterfaceOrientationLandscapeRight";
				INFOPLIST_KEY_UISupportedInterfaceOrientations_iPhone = "UIInterfaceOrientationPortrait UIInterfaceOrientationLandscapeLeft UIInterfaceOrientationLandscapeRight";
				LD_RUNPATH_SEARCH_PATHS = (
					"$(inherited)",
					"@executable_path/Frameworks",
				);
				MARKETING_VERSION = 1.0;
				PRODUCT_BUNDLE_IDENTIFIER = me.ksiazek.kamil.Wallet;
				PRODUCT_NAME = "$(TARGET_NAME)";
				SWIFT_EMIT_LOC_STRINGS = YES;
				SWIFT_VERSION = 5.0;
				TARGETED_DEVICE_FAMILY = "1,2";
			};
			name = Debug;
		};
		6822C248289F7BEA0061544A /* Release */ = {
			isa = XCBuildConfiguration;
			buildSettings = {
				ASSETCATALOG_COMPILER_APPICON_NAME = AppIcon;
				ASSETCATALOG_COMPILER_GLOBAL_ACCENT_COLOR_NAME = AccentColor;
				CODE_SIGN_STYLE = Automatic;
				CURRENT_PROJECT_VERSION = 1;
				DEVELOPMENT_ASSET_PATHS = "\"Wallet/Preview Content\"";
				DEVELOPMENT_TEAM = M7H74U7AXB;
				ENABLE_PREVIEWS = YES;
				GENERATE_INFOPLIST_FILE = YES;
				INFOPLIST_KEY_UIApplicationSceneManifest_Generation = YES;
				INFOPLIST_KEY_UIApplicationSupportsIndirectInputEvents = YES;
				INFOPLIST_KEY_UILaunchScreen_Generation = YES;
				INFOPLIST_KEY_UISupportedInterfaceOrientations_iPad = "UIInterfaceOrientationPortrait UIInterfaceOrientationPortraitUpsideDown UIInterfaceOrientationLandscapeLeft UIInterfaceOrientationLandscapeRight";
				INFOPLIST_KEY_UISupportedInterfaceOrientations_iPhone = "UIInterfaceOrientationPortrait UIInterfaceOrientationLandscapeLeft UIInterfaceOrientationLandscapeRight";
				LD_RUNPATH_SEARCH_PATHS = (
					"$(inherited)",
					"@executable_path/Frameworks",
				);
				MARKETING_VERSION = 1.0;
				PRODUCT_BUNDLE_IDENTIFIER = me.ksiazek.kamil.Wallet;
				PRODUCT_NAME = "$(TARGET_NAME)";
				SWIFT_EMIT_LOC_STRINGS = YES;
				SWIFT_VERSION = 5.0;
				TARGETED_DEVICE_FAMILY = "1,2";
			};
			name = Release;
		};
/* End XCBuildConfiguration section */

/* Begin XCConfigurationList section */
		6822C233289F7BE90061544A /* Build configuration list for PBXProject "Wallet" */ = {
			isa = XCConfigurationList;
			buildConfigurations = (
				6822C244289F7BEA0061544A /* Debug */,
				6822C245289F7BEA0061544A /* Release */,
			);
			defaultConfigurationIsVisible = 0;
			defaultConfigurationName = Release;
		};
		6822C246289F7BEA0061544A /* Build configuration list for PBXNativeTarget "Wallet" */ = {
			isa = XCConfigurationList;
			buildConfigurations = (
				6822C247289F7BEA0061544A /* Debug */,
				6822C248289F7BEA0061544A /* Release */,
			);
			defaultConfigurationIsVisible = 0;
			defaultConfigurationName = Release;
		};
/* End XCConfigurationList section */

/* Begin XCRemoteSwiftPackageReference section */
		68F8907D28B6B2A800C6AE82 /* XCRemoteSwiftPackageReference "firebase-ios-sdk" */ = {
			isa = XCRemoteSwiftPackageReference;
			repositoryURL = "https://github.com/firebase/firebase-ios-sdk";
			requirement = {
				branch = master;
				kind = branch;
			};
		};
/* End XCRemoteSwiftPackageReference section */

/* Begin XCSwiftPackageProductDependency section */
		68F8907E28B6B2A800C6AE82 /* FirebaseAuth */ = {
			isa = XCSwiftPackageProductDependency;
			package = 68F8907D28B6B2A800C6AE82 /* XCRemoteSwiftPackageReference "firebase-ios-sdk" */;
			productName = FirebaseAuth;
		};
		68F8908028B6B2A800C6AE82 /* FirebaseFirestore */ = {
			isa = XCSwiftPackageProductDependency;
			package = 68F8907D28B6B2A800C6AE82 /* XCRemoteSwiftPackageReference "firebase-ios-sdk" */;
			productName = FirebaseFirestore;
		};
		68F8908228B6B2A800C6AE82 /* FirebaseFirestoreSwift */ = {
			isa = XCSwiftPackageProductDependency;
			package = 68F8907D28B6B2A800C6AE82 /* XCRemoteSwiftPackageReference "firebase-ios-sdk" */;
			productName = FirebaseFirestoreSwift;
		};
/* End XCSwiftPackageProductDependency section */
	};
	rootObject = 6822C230289F7BE90061544A /* Project object */;
}
